
Microsoft Visual Studio Solution File, Format Version 12.00
# Visual Studio Version 16
VisualStudioVersion = 16.0.31424.327
MinimumVisualStudioVersion = 10.0.40219.1
Project("{9A19103F-16F7-4668-BE54-9A1E7A4F7556}") = "TelegramWeatherBot", "TelegramWeatherBot\TelegramWeatherBot.csproj", "{75AB9A45-0723-4184-9839-AF32E20BC38D}"
EndProject
Project("{FAE04EC0-301F-11D3-BF4B-00C04F79EFBC}") = "TelegramBot", "TelegramBot\TelegramBot.csproj", "{A86A88AD-E8E6-47D0-B774-A5F16A49A911}"
EndProject
Project("{FAE04EC0-301F-11D3-BF4B-00C04F79EFBC}") = "WeatherLib", "WeatherLib\WeatherLib.csproj", "{022D6BBA-A833-4094-8BED-23D5E8726E2A}"
EndProject
Global
	GlobalSection(SolutionConfigurationPlatforms) = preSolution
		Debug|Any CPU = Debug|Any CPU
		Release|Any CPU = Release|Any CPU
	EndGlobalSection
	GlobalSection(ProjectConfigurationPlatforms) = postSolution
		{75AB9A45-0723-4184-9839-AF32E20BC38D}.Debug|Any CPU.ActiveCfg = Debug|Any CPU
		{75AB9A45-0723-4184-9839-AF32E20BC38D}.Debug|Any CPU.Build.0 = Debug|Any CPU
		{75AB9A45-0723-4184-9839-AF32E20BC38D}.Release|Any CPU.ActiveCfg = Release|Any CPU
		{75AB9A45-0723-4184-9839-AF32E20BC38D}.Release|Any CPU.Build.0 = Release|Any CPU
		{A86A88AD-E8E6-47D0-B774-A5F16A49A911}.Debug|Any CPU.ActiveCfg = Debug|Any CPU
		{A86A88AD-E8E6-47D0-B774-A5F16A49A911}.Debug|Any CPU.Build.0 = Debug|Any CPU
		{A86A88AD-E8E6-47D0-B774-A5F16A49A911}.Release|Any CPU.ActiveCfg = Release|Any CPU
		{A86A88AD-E8E6-47D0-B774-A5F16A49A911}.Release|Any CPU.Build.0 = Release|Any CPU
		{022D6BBA-A833-4094-8BED-23D5E8726E2A}.Debug|Any CPU.ActiveCfg = Debug|Any CPU
		{022D6BBA-A833-4094-8BED-23D5E8726E2A}.Debug|Any CPU.Build.0 = Debug|Any CPU
		{022D6BBA-A833-4094-8BED-23D5E8726E2A}.Release|Any CPU.ActiveCfg = Release|Any CPU
		{022D6BBA-A833-4094-8BED-23D5E8726E2A}.Release|Any CPU.Build.0 = Release|Any CPU
	EndGlobalSection
	GlobalSection(SolutionProperties) = preSolution
		HideSolutionNode = FALSE
	EndGlobalSection
	GlobalSection(ExtensibilityGlobals) = postSolution
		SolutionGuid = {3E17B8E5-5413-48C0-AE58-AAFC32EB65A1}
	EndGlobalSection
EndGlobal
